
Microsoft Visual Studio Solution File, Format Version 12.00
# Visual Studio Version 16
VisualStudioVersion = 16.0.31019.35
MinimumVisualStudioVersion = 10.0.40219.1
Project("{FAE04EC0-301F-11D3-BF4B-00C04F79EFBC}") = "OSKRGB", "OSKRGB\OSKRGB.csproj", "{AE99FD67-BF6E-4B49-A7E5-CAE66608CCF0}"
EndProject
Global
	GlobalSection(SolutionConfigurationPlatforms) = preSolution
		Debug|Any CPU = Debug|Any CPU
		Release|Any CPU = Release|Any CPU
	EndGlobalSection
	GlobalSection(ProjectConfigurationPlatforms) = postSolution
		{AE99FD67-BF6E-4B49-A7E5-CAE66608CCF0}.Debug|Any CPU.ActiveCfg = Debug|Any CPU
		{AE99FD67-BF6E-4B49-A7E5-CAE66608CCF0}.Debug|Any CPU.Build.0 = Debug|Any CPU
		{AE99FD67-BF6E-4B49-A7E5-CAE66608CCF0}.Release|Any CPU.ActiveCfg = Release|Any CPU
		{AE99FD67-BF6E-4B49-A7E5-CAE66608CCF0}.Release|Any CPU.Build.0 = Release|Any CPU
	EndGlobalSection
	GlobalSection(SolutionProperties) = preSolution
		HideSolutionNode = FALSE
	EndGlobalSection
	GlobalSection(ExtensibilityGlobals) = postSolution
		SolutionGuid = {915409A2-962D-4236-9C73-ADA08E2518C4}
	EndGlobalSection
EndGlobal
